
Microsoft Visual Studio Solution File, Format Version 12.00
# Visual Studio Version 17
VisualStudioVersion = 17.14.36408.4 d17.14
MinimumVisualStudioVersion = 10.0.40219.1
Project("{FAE04EC0-301F-11D3-BF4B-00C04F79EFBC}") = "LeThiYenNhi_231230858_de01", "LeThiYenNhi_231230858_de01.csproj", "{2AEEFFDC-C166-4594-9901-02061A3B8BC1}"
EndProject
Global
	GlobalSection(SolutionConfigurationPlatforms) = preSolution
		Debug|Any CPU = Debug|Any CPU
		Release|Any CPU = Release|Any CPU
	EndGlobalSection
	GlobalSection(ProjectConfigurationPlatforms) = postSolution
		{2AEEFFDC-C166-4594-9901-02061A3B8BC1}.Debug|Any CPU.ActiveCfg = Debug|Any CPU
		{2AEEFFDC-C166-4594-9901-02061A3B8BC1}.Debug|Any CPU.Build.0 = Debug|Any CPU
		{2AEEFFDC-C166-4594-9901-02061A3B8BC1}.Release|Any CPU.ActiveCfg = Release|Any CPU
		{2AEEFFDC-C166-4594-9901-02061A3B8BC1}.Release|Any CPU.Build.0 = Release|Any CPU
	EndGlobalSection
	GlobalSection(SolutionProperties) = preSolution
		HideSolutionNode = FALSE
	EndGlobalSection
	GlobalSection(ExtensibilityGlobals) = postSolution
		SolutionGuid = {66FC6A08-6386-46EC-9F27-EB2462EBB8EB}
	EndGlobalSection
EndGlobal
